# THIS IS AN AUTOGENERATED FILE. DO NOT EDIT THIS FILE DIRECTLY.
# yarn lockfile v1


binary-search-tree@^0.2.6:
  version "0.2.6"
  resolved "https://registry.yarnpkg.com/binary-search-tree/-/binary-search-tree-0.2.6.tgz#c6d29194e286827fcffe079010e6bf77def10ce3"
  dependencies:
    underscore "~1.4.4"

bluebird@^3.4.7:
  version "3.4.7"
  resolved "https://registry.yarnpkg.com/bluebird/-/bluebird-3.4.7.tgz#f72d760be09b7f76d08ed8fae98b289a8d05fab3"

geolib@^2.0.22:
  version "2.0.22"
  resolved "https://registry.yarnpkg.com/geolib/-/geolib-2.0.22.tgz#d74e96ebea2e0049ef48077c1cd1214063e27200"

underscore@~1.4.4:
  version "1.4.4"
  resolved "https://registry.yarnpkg.com/underscore/-/underscore-1.4.4.tgz#61a6a32010622afa07963bf325203cf12239d604"
